
Microsoft Visual Studio Solution File, Format Version 12.00
# Visual Studio Version 17
VisualStudioVersion = 17.7.34221.43
MinimumVisualStudioVersion = 15.0.26124.0
Project("{9A19103F-16F7-4668-BE54-9A1E7A4F7556}") = "DFC.App.DiscoverSkillsCareers", "DFC.App.DiscoverSkillsCareers\DFC.App.DiscoverSkillsCareers.csproj", "{37CBD763-5D8F-4DDC-90F9-8457F3D48293}"
EndProject
Project("{9A19103F-16F7-4668-BE54-9A1E7A4F7556}") = "DFC.App.DiscoverSkillsCareers.UnitTests", "DFC.App.DiscoverSkillsCareers.UnitTests\DFC.App.DiscoverSkillsCareers.UnitTests.csproj", "{FB5DB006-5EC5-4A8B-AE87-07BAFD92DAC4}"
EndProject
Project("{2150E333-8FDC-42A3-9474-1A3956D46DE8}") = "_Solution Items", "_Solution Items", "{E99D6836-0A70-4BCF-AA51-9F3C8AC03BDA}"
	ProjectSection(SolutionItems) = preProject
		.editorconfig = .editorconfig
		.gitignore = .gitignore
		DFC.Digital.CodeAnalysis.ruleset = DFC.Digital.CodeAnalysis.ruleset
		LICENSE = LICENSE
		README.md = README.md
		stylecop.json = stylecop.json
		UnitTests.CodeAnalysis.ruleset = UnitTests.CodeAnalysis.ruleset
	EndProjectSection
EndProject
Project("{9A19103F-16F7-4668-BE54-9A1E7A4F7556}") = "DFC.App.DiscoverSkillsCareers.Services", "DFC.App.DiscoverSkillsCareers.Services\DFC.App.DiscoverSkillsCareers.Services.csproj", "{25316A04-98E1-47D7-9212-5E871B4EF655}"
EndProject
Project("{9A19103F-16F7-4668-BE54-9A1E7A4F7556}") = "DFC.App.DiscoverSkillsCareers.Models", "DFC.App.DiscoverSkillsCareers.Models\DFC.App.DiscoverSkillsCareers.Models.csproj", "{9B0E6965-EEA8-4149-BDE3-5D797EFBFB89}"
EndProject
Project("{9A19103F-16F7-4668-BE54-9A1E7A4F7556}") = "DFC.App.DiscoverSkillsCareers.Core", "DFC.App.DiscoverSkillsCareers.Core\DFC.App.DiscoverSkillsCareers.Core.csproj", "{99B739AB-99AD-424E-ACED-283DFEC3027E}"
EndProject
Project("{2150E333-8FDC-42A3-9474-1A3956D46DE8}") = "Tests", "Tests", "{068F2FED-2184-4F22-887D-F6DDC59C049C}"
EndProject
Project("{2150E333-8FDC-42A3-9474-1A3956D46DE8}") = "Web", "Web", "{89BAB1A9-DD69-46A3-A538-6EF5A274D565}"
EndProject
Project("{2150E333-8FDC-42A3-9474-1A3956D46DE8}") = "Services", "Services", "{FA49FF60-D7ED-421D-943A-1D8A240663FF}"
EndProject
Project("{9A19103F-16F7-4668-BE54-9A1E7A4F7556}") = "DFC.App.DiscoverSkillsCareers.Services.UnitTests", "DFC.App.DiscoverSkillsCareers.Services.UnitTests\DFC.App.DiscoverSkillsCareers.Services.UnitTests.csproj", "{353F0B5D-1639-4D97-A24F-E36418A82608}"
EndProject
Project("{9A19103F-16F7-4668-BE54-9A1E7A4F7556}") = "DFC.App.DiscoverSkillsCareers.UI.FunctionalTests", "DFC.App.DiscoverSkillsCareers.UI.FunctionalTests\DFC.App.DiscoverSkillsCareers.UI.FunctionalTests.csproj", "{B4302497-3E9E-4061-A3E2-5C69FA1D7621}"
EndProject
Global
	GlobalSection(SolutionConfigurationPlatforms) = preSolution
		Debug|Any CPU = Debug|Any CPU
		Debug|x64 = Debug|x64
		Debug|x86 = Debug|x86
		Release|Any CPU = Release|Any CPU
		Release|x64 = Release|x64
		Release|x86 = Release|x86
	EndGlobalSection
	GlobalSection(ProjectConfigurationPlatforms) = postSolution
		{37CBD763-5D8F-4DDC-90F9-8457F3D48293}.Debug|Any CPU.ActiveCfg = Debug|Any CPU
		{37CBD763-5D8F-4DDC-90F9-8457F3D48293}.Debug|Any CPU.Build.0 = Debug|Any CPU
		{37CBD763-5D8F-4DDC-90F9-8457F3D48293}.Debug|x64.ActiveCfg = Debug|Any CPU
		{37CBD763-5D8F-4DDC-90F9-8457F3D48293}.Debug|x64.Build.0 = Debug|Any CPU
		{37CBD763-5D8F-4DDC-90F9-8457F3D48293}.Debug|x86.ActiveCfg = Debug|Any CPU
		{37CBD763-5D8F-4DDC-90F9-8457F3D48293}.Debug|x86.Build.0 = Debug|Any CPU
		{37CBD763-5D8F-4DDC-90F9-8457F3D48293}.Release|Any CPU.ActiveCfg = Release|Any CPU
		{37CBD763-5D8F-4DDC-90F9-8457F3D48293}.Release|Any CPU.Build.0 = Release|Any CPU
		{37CBD763-5D8F-4DDC-90F9-8457F3D48293}.Release|x64.ActiveCfg = Release|Any CPU
		{37CBD763-5D8F-4DDC-90F9-8457F3D48293}.Release|x64.Build.0 = Release|Any CPU
		{37CBD763-5D8F-4DDC-90F9-8457F3D48293}.Release|x86.ActiveCfg = Release|Any CPU
		{37CBD763-5D8F-4DDC-90F9-8457F3D48293}.Release|x86.Build.0 = Release|Any CPU
		{FB5DB006-5EC5-4A8B-AE87-07BAFD92DAC4}.Debug|Any CPU.ActiveCfg = Debug|Any CPU
		{FB5DB006-5EC5-4A8B-AE87-07BAFD92DAC4}.Debug|Any CPU.Build.0 = Debug|Any CPU
		{FB5DB006-5EC5-4A8B-AE87-07BAFD92DAC4}.Debug|x64.ActiveCfg = Debug|Any CPU
		{FB5DB006-5EC5-4A8B-AE87-07BAFD92DAC4}.Debug|x64.Build.0 = Debug|Any CPU
		{FB5DB006-5EC5-4A8B-AE87-07BAFD92DAC4}.Debug|x86.ActiveCfg = Debug|Any CPU
		{FB5DB006-5EC5-4A8B-AE87-07BAFD92DAC4}.Debug|x86.Build.0 = Debug|Any CPU
		{FB5DB006-5EC5-4A8B-AE87-07BAFD92DAC4}.Release|Any CPU.ActiveCfg = Release|Any CPU
		{FB5DB006-5EC5-4A8B-AE87-07BAFD92DAC4}.Release|Any CPU.Build.0 = Release|Any CPU
		{FB5DB006-5EC5-4A8B-AE87-07BAFD92DAC4}.Release|x64.ActiveCfg = Release|Any CPU
		{FB5DB006-5EC5-4A8B-AE87-07BAFD92DAC4}.Release|x64.Build.0 = Release|Any CPU
		{FB5DB006-5EC5-4A8B-AE87-07BAFD92DAC4}.Release|x86.ActiveCfg = Release|Any CPU
		{FB5DB006-5EC5-4A8B-AE87-07BAFD92DAC4}.Release|x86.Build.0 = Release|Any CPU
		{25316A04-98E1-47D7-9212-5E871B4EF655}.Debug|Any CPU.ActiveCfg = Debug|Any CPU
		{25316A04-98E1-47D7-9212-5E871B4EF655}.Debug|Any CPU.Build.0 = Debug|Any CPU
		{25316A04-98E1-47D7-9212-5E871B4EF655}.Debug|x64.ActiveCfg = Debug|Any CPU
		{25316A04-98E1-47D7-9212-5E871B4EF655}.Debug|x64.Build.0 = Debug|Any CPU
		{25316A04-98E1-47D7-9212-5E871B4EF655}.Debug|x86.ActiveCfg = Debug|Any CPU
		{25316A04-98E1-47D7-9212-5E871B4EF655}.Debug|x86.Build.0 = Debug|Any CPU
		{25316A04-98E1-47D7-9212-5E871B4EF655}.Release|Any CPU.ActiveCfg = Release|Any CPU
		{25316A04-98E1-47D7-9212-5E871B4EF655}.Release|Any CPU.Build.0 = Release|Any CPU
		{25316A04-98E1-47D7-9212-5E871B4EF655}.Release|x64.ActiveCfg = Release|Any CPU
		{25316A04-98E1-47D7-9212-5E871B4EF655}.Release|x64.Build.0 = Release|Any CPU
		{25316A04-98E1-47D7-9212-5E871B4EF655}.Release|x86.ActiveCfg = Release|Any CPU
		{25316A04-98E1-47D7-9212-5E871B4EF655}.Release|x86.Build.0 = Release|Any CPU
		{9B0E6965-EEA8-4149-BDE3-5D797EFBFB89}.Debug|Any CPU.ActiveCfg = Debug|Any CPU
		{9B0E6965-EEA8-4149-BDE3-5D797EFBFB89}.Debug|Any CPU.Build.0 = Debug|Any CPU
		{9B0E6965-EEA8-4149-BDE3-5D797EFBFB89}.Debug|x64.ActiveCfg = Debug|Any CPU
		{9B0E6965-EEA8-4149-BDE3-5D797EFBFB89}.Debug|x64.Build.0 = Debug|Any CPU
		{9B0E6965-EEA8-4149-BDE3-5D797EFBFB89}.Debug|x86.ActiveCfg = Debug|Any CPU
		{9B0E6965-EEA8-4149-BDE3-5D797EFBFB89}.Debug|x86.Build.0 = Debug|Any CPU
		{9B0E6965-EEA8-4149-BDE3-5D797EFBFB89}.Release|Any CPU.ActiveCfg = Release|Any CPU
		{9B0E6965-EEA8-4149-BDE3-5D797EFBFB89}.Release|Any CPU.Build.0 = Release|Any CPU
		{9B0E6965-EEA8-4149-BDE3-5D797EFBFB89}.Release|x64.ActiveCfg = Release|Any CPU
		{9B0E6965-EEA8-4149-BDE3-5D797EFBFB89}.Release|x64.Build.0 = Release|Any CPU
		{9B0E6965-EEA8-4149-BDE3-5D797EFBFB89}.Release|x86.ActiveCfg = Release|Any CPU
		{9B0E6965-EEA8-4149-BDE3-5D797EFBFB89}.Release|x86.Build.0 = Release|Any CPU
		{99B739AB-99AD-424E-ACED-283DFEC3027E}.Debug|Any CPU.ActiveCfg = Debug|Any CPU
		{99B739AB-99AD-424E-ACED-283DFEC3027E}.Debug|Any CPU.Build.0 = Debug|Any CPU
		{99B739AB-99AD-424E-ACED-283DFEC3027E}.Debug|x64.ActiveCfg = Debug|Any CPU
		{99B739AB-99AD-424E-ACED-283DFEC3027E}.Debug|x64.Build.0 = Debug|Any CPU
		{99B739AB-99AD-424E-ACED-283DFEC3027E}.Debug|x86.ActiveCfg = Debug|Any CPU
		{99B739AB-99AD-424E-ACED-283DFEC3027E}.Debug|x86.Build.0 = Debug|Any CPU
		{99B739AB-99AD-424E-ACED-283DFEC3027E}.Release|Any CPU.ActiveCfg = Release|Any CPU
		{99B739AB-99AD-424E-ACED-283DFEC3027E}.Release|Any CPU.Build.0 = Release|Any CPU
		{99B739AB-99AD-424E-ACED-283DFEC3027E}.Release|x64.ActiveCfg = Release|Any CPU
		{99B739AB-99AD-424E-ACED-283DFEC3027E}.Release|x64.Build.0 = Release|Any CPU
		{99B739AB-99AD-424E-ACED-283DFEC3027E}.Release|x86.ActiveCfg = Release|Any CPU
		{99B739AB-99AD-424E-ACED-283DFEC3027E}.Release|x86.Build.0 = Release|Any CPU
		{353F0B5D-1639-4D97-A24F-E36418A82608}.Debug|Any CPU.ActiveCfg = Debug|Any CPU
		{353F0B5D-1639-4D97-A24F-E36418A82608}.Debug|Any CPU.Build.0 = Debug|Any CPU
		{353F0B5D-1639-4D97-A24F-E36418A82608}.Debug|x64.ActiveCfg = Debug|Any CPU
		{353F0B5D-1639-4D97-A24F-E36418A82608}.Debug|x64.Build.0 = Debug|Any CPU
		{353F0B5D-1639-4D97-A24F-E36418A82608}.Debug|x86.ActiveCfg = Debug|Any CPU
		{353F0B5D-1639-4D97-A24F-E36418A82608}.Debug|x86.Build.0 = Debug|Any CPU
		{353F0B5D-1639-4D97-A24F-E36418A82608}.Release|Any CPU.ActiveCfg = Release|Any CPU
		{353F0B5D-1639-4D97-A24F-E36418A82608}.Release|Any CPU.Build.0 = Release|Any CPU
		{353F0B5D-1639-4D97-A24F-E36418A82608}.Release|x64.ActiveCfg = Release|Any CPU
		{353F0B5D-1639-4D97-A24F-E36418A82608}.Release|x64.Build.0 = Release|Any CPU
		{353F0B5D-1639-4D97-A24F-E36418A82608}.Release|x86.ActiveCfg = Release|Any CPU
		{353F0B5D-1639-4D97-A24F-E36418A82608}.Release|x86.Build.0 = Release|Any CPU
		{B4302497-3E9E-4061-A3E2-5C69FA1D7621}.Debug|Any CPU.ActiveCfg = Debug|Any CPU
		{B4302497-3E9E-4061-A3E2-5C69FA1D7621}.Debug|Any CPU.Build.0 = Debug|Any CPU
		{B4302497-3E9E-4061-A3E2-5C69FA1D7621}.Debug|x64.ActiveCfg = Debug|Any CPU
		{B4302497-3E9E-4061-A3E2-5C69FA1D7621}.Debug|x64.Build.0 = Debug|Any CPU
		{B4302497-3E9E-4061-A3E2-5C69FA1D7621}.Debug|x86.ActiveCfg = Debug|Any CPU
		{B4302497-3E9E-4061-A3E2-5C69FA1D7621}.Debug|x86.Build.0 = Debug|Any CPU
		{B4302497-3E9E-4061-A3E2-5C69FA1D7621}.Release|Any CPU.ActiveCfg = Release|Any CPU
		{B4302497-3E9E-4061-A3E2-5C69FA1D7621}.Release|Any CPU.Build.0 = Release|Any CPU
		{B4302497-3E9E-4061-A3E2-5C69FA1D7621}.Release|x64.ActiveCfg = Release|Any CPU
		{B4302497-3E9E-4061-A3E2-5C69FA1D7621}.Release|x64.Build.0 = Release|Any CPU
		{B4302497-3E9E-4061-A3E2-5C69FA1D7621}.Release|x86.ActiveCfg = Release|Any CPU
		{B4302497-3E9E-4061-A3E2-5C69FA1D7621}.Release|x86.Build.0 = Release|Any CPU
	EndGlobalSection
	GlobalSection(SolutionProperties) = preSolution
		HideSolutionNode = FALSE
	EndGlobalSection
	GlobalSection(NestedProjects) = preSolution
		{37CBD763-5D8F-4DDC-90F9-8457F3D48293} = {89BAB1A9-DD69-46A3-A538-6EF5A274D565}
		{FB5DB006-5EC5-4A8B-AE87-07BAFD92DAC4} = {068F2FED-2184-4F22-887D-F6DDC59C049C}
		{25316A04-98E1-47D7-9212-5E871B4EF655} = {FA49FF60-D7ED-421D-943A-1D8A240663FF}
		{9B0E6965-EEA8-4149-BDE3-5D797EFBFB89} = {FA49FF60-D7ED-421D-943A-1D8A240663FF}
		{99B739AB-99AD-424E-ACED-283DFEC3027E} = {FA49FF60-D7ED-421D-943A-1D8A240663FF}
		{353F0B5D-1639-4D97-A24F-E36418A82608} = {068F2FED-2184-4F22-887D-F6DDC59C049C}
	EndGlobalSection
	GlobalSection(ExtensibilityGlobals) = postSolution
		SolutionGuid = {75237135-AEDC-4443-8B8C-148F32FDA804}
	EndGlobalSection
EndGlobal
